
Microsoft Visual Studio Solution File, Format Version 12.00
# Visual Studio 14
VisualStudioVersion = 14.0.25420.1
MinimumVisualStudioVersion = 10.0.40219.1
Project("{2150E333-8FDC-42A3-9474-1A3956D46DE8}") = "Data", "Data", "{E80B6944-D867-4222-AD0A-E265EE2AB70D}"
EndProject
Project("{2150E333-8FDC-42A3-9474-1A3956D46DE8}") = "Business", "Business", "{60FCC7FB-BFE3-444D-81AF-71173BC7D1CD}"
EndProject
Project("{2150E333-8FDC-42A3-9474-1A3956D46DE8}") = "Services", "Services", "{0FCDEE9F-4661-4F9D-8C29-A7C32CDE6CC5}"
EndProject
Project("{2150E333-8FDC-42A3-9474-1A3956D46DE8}") = "Presentation", "Presentation", "{D7C6EED3-CD53-47EC-8C0F-FBFD6C871EC5}"
EndProject
Project("{2150E333-8FDC-42A3-9474-1A3956D46DE8}") = "Hosts", "Hosts", "{4C2A57F9-B887-486C-AC80-C9DFBE09DB39}"
EndProject
Project("{2150E333-8FDC-42A3-9474-1A3956D46DE8}") = "Shared", "Shared", "{70A5B6E3-55BE-4DD7-9DF3-AB085A2AAED0}"
EndProject
Project("{2150E333-8FDC-42A3-9474-1A3956D46DE8}") = "Tests", "Tests", "{A8F8FD3C-2F2C-4DD6-9200-5A0526CD3135}"
EndProject
Project("{FAE04EC0-301F-11D3-BF4B-00C04F79EFBC}") = "Ass5.Framework", "Shared\Ass5.Framework\Ass5.Framework.csproj", "{EAED6F07-32CD-4CA0-A5AA-666368AF5116}"
EndProject
Project("{FAE04EC0-301F-11D3-BF4B-00C04F79EFBC}") = "Ass5.Entities", "Shared\Ass5.Entities\Ass5.Entities.csproj", "{C870F66E-BDD8-46FE-AD31-51C8747F0587}"
EndProject
Project("{FAE04EC0-301F-11D3-BF4B-00C04F79EFBC}") = "Ass5.Data", "Data\Ass5.Data\Ass5.Data.csproj", "{FA49C75B-156D-4E57-B8BE-4985B3C52E6E}"
EndProject
Project("{FAE04EC0-301F-11D3-BF4B-00C04F79EFBC}") = "Ass5.Data.Agents", "Data\Ass5.Data.Agents\Ass5.Data.Agents.csproj", "{2AE90A15-FB85-4B91-BCA4-8841431380F0}"
EndProject
Project("{FAE04EC0-301F-11D3-BF4B-00C04F79EFBC}") = "Ass5.Business", "Business\Ass5.Business\Ass5.Business.csproj", "{D3D072D4-CAEC-4691-8975-FAC87AE1789B}"
EndProject
Project("{FAE04EC0-301F-11D3-BF4B-00C04F79EFBC}") = "Ass5.Workflows.Activities", "Business\Ass5.Workflows.Activities\Ass5.Workflows.Activities.csproj", "{4610BC66-0434-49C0-BDDE-0D715D792AEE}"
EndProject
Project("{FAE04EC0-301F-11D3-BF4B-00C04F79EFBC}") = "Ass5.Workflows.Designers", "Business\Ass5.Workflows.Designers\Ass5.Workflows.Designers.csproj", "{756CB997-8CAB-4876-A795-B4359FD749E7}"
EndProject
Project("{FAE04EC0-301F-11D3-BF4B-00C04F79EFBC}") = "Ass5.Workflows", "Business\Ass5.Workflows\Ass5.Workflows.csproj", "{AE25C70B-4D5A-4CC5-919E-656D07B980F6}"
EndProject
Project("{FAE04EC0-301F-11D3-BF4B-00C04F79EFBC}") = "Ass5.Services.Contracts", "Services\Ass5.Services.Contracts\Ass5.Services.Contracts.csproj", "{B9F80467-D0CB-4A74-8885-352A6FFBCC0D}"
EndProject
Project("{FAE04EC0-301F-11D3-BF4B-00C04F79EFBC}") = "Ass5.Services", "Services\Ass5.Services\Ass5.Services.csproj", "{D83AE034-228A-43EA-A7E3-E8E32230B22C}"
EndProject
Project("{FAE04EC0-301F-11D3-BF4B-00C04F79EFBC}") = "Ass5.Hosts.Web", "Hosts\Ass5.Hosts.Web\Ass5.Hosts.Web.csproj", "{55177368-5A81-46D9-A824-6A71A1AA48B8}"
EndProject
Project("{FAE04EC0-301F-11D3-BF4B-00C04F79EFBC}") = "Ass5.UI.Process", "Presentation\Ass5.UI.Process\Ass5.UI.Process.csproj", "{04752989-8AB4-462B-B5EE-A75AB88856E1}"
EndProject
Project("{FAE04EC0-301F-11D3-BF4B-00C04F79EFBC}") = "Ass5.UI.Web", "Presentation\Ass5.UI.Web\Ass5.UI.Web.csproj", "{896CDD56-FAD1-4C34-B4DA-050A45444C1D}"
EndProject
Project("{FAE04EC0-301F-11D3-BF4B-00C04F79EFBC}") = "Ass5.Test", "Tests\Ass5.Test\Ass5.Test.csproj", "{BD881223-BDFD-4B84-9D88-FDDA0D7C8D56}"
EndProject
Global
	GlobalSection(SolutionConfigurationPlatforms) = preSolution
		Debug|Any CPU = Debug|Any CPU
		Release|Any CPU = Release|Any CPU
	EndGlobalSection
	GlobalSection(ProjectConfigurationPlatforms) = postSolution
		{EAED6F07-32CD-4CA0-A5AA-666368AF5116}.Debug|Any CPU.ActiveCfg = Debug|Any CPU
		{EAED6F07-32CD-4CA0-A5AA-666368AF5116}.Debug|Any CPU.Build.0 = Debug|Any CPU
		{EAED6F07-32CD-4CA0-A5AA-666368AF5116}.Release|Any CPU.ActiveCfg = Release|Any CPU
		{EAED6F07-32CD-4CA0-A5AA-666368AF5116}.Release|Any CPU.Build.0 = Release|Any CPU
		{C870F66E-BDD8-46FE-AD31-51C8747F0587}.Debug|Any CPU.ActiveCfg = Debug|Any CPU
		{C870F66E-BDD8-46FE-AD31-51C8747F0587}.Debug|Any CPU.Build.0 = Debug|Any CPU
		{C870F66E-BDD8-46FE-AD31-51C8747F0587}.Release|Any CPU.ActiveCfg = Release|Any CPU
		{C870F66E-BDD8-46FE-AD31-51C8747F0587}.Release|Any CPU.Build.0 = Release|Any CPU
		{FA49C75B-156D-4E57-B8BE-4985B3C52E6E}.Debug|Any CPU.ActiveCfg = Debug|Any CPU
		{FA49C75B-156D-4E57-B8BE-4985B3C52E6E}.Debug|Any CPU.Build.0 = Debug|Any CPU
		{FA49C75B-156D-4E57-B8BE-4985B3C52E6E}.Release|Any CPU.ActiveCfg = Release|Any CPU
		{FA49C75B-156D-4E57-B8BE-4985B3C52E6E}.Release|Any CPU.Build.0 = Release|Any CPU
		{2AE90A15-FB85-4B91-BCA4-8841431380F0}.Debug|Any CPU.ActiveCfg = Debug|Any CPU
		{2AE90A15-FB85-4B91-BCA4-8841431380F0}.Debug|Any CPU.Build.0 = Debug|Any CPU
		{2AE90A15-FB85-4B91-BCA4-8841431380F0}.Release|Any CPU.ActiveCfg = Release|Any CPU
		{2AE90A15-FB85-4B91-BCA4-8841431380F0}.Release|Any CPU.Build.0 = Release|Any CPU
		{D3D072D4-CAEC-4691-8975-FAC87AE1789B}.Debug|Any CPU.ActiveCfg = Debug|Any CPU
		{D3D072D4-CAEC-4691-8975-FAC87AE1789B}.Debug|Any CPU.Build.0 = Debug|Any CPU
		{D3D072D4-CAEC-4691-8975-FAC87AE1789B}.Release|Any CPU.ActiveCfg = Release|Any CPU
		{D3D072D4-CAEC-4691-8975-FAC87AE1789B}.Release|Any CPU.Build.0 = Release|Any CPU
		{4610BC66-0434-49C0-BDDE-0D715D792AEE}.Debug|Any CPU.ActiveCfg = Debug|Any CPU
		{4610BC66-0434-49C0-BDDE-0D715D792AEE}.Debug|Any CPU.Build.0 = Debug|Any CPU
		{4610BC66-0434-49C0-BDDE-0D715D792AEE}.Release|Any CPU.ActiveCfg = Release|Any CPU
		{4610BC66-0434-49C0-BDDE-0D715D792AEE}.Release|Any CPU.Build.0 = Release|Any CPU
		{756CB997-8CAB-4876-A795-B4359FD749E7}.Debug|Any CPU.ActiveCfg = Debug|Any CPU
		{756CB997-8CAB-4876-A795-B4359FD749E7}.Debug|Any CPU.Build.0 = Debug|Any CPU
		{756CB997-8CAB-4876-A795-B4359FD749E7}.Release|Any CPU.ActiveCfg = Release|Any CPU
		{756CB997-8CAB-4876-A795-B4359FD749E7}.Release|Any CPU.Build.0 = Release|Any CPU
		{AE25C70B-4D5A-4CC5-919E-656D07B980F6}.Debug|Any CPU.ActiveCfg = Debug|Any CPU
		{AE25C70B-4D5A-4CC5-919E-656D07B980F6}.Debug|Any CPU.Build.0 = Debug|Any CPU
		{AE25C70B-4D5A-4CC5-919E-656D07B980F6}.Release|Any CPU.ActiveCfg = Release|Any CPU
		{AE25C70B-4D5A-4CC5-919E-656D07B980F6}.Release|Any CPU.Build.0 = Release|Any CPU
		{B9F80467-D0CB-4A74-8885-352A6FFBCC0D}.Debug|Any CPU.ActiveCfg = Debug|Any CPU
		{B9F80467-D0CB-4A74-8885-352A6FFBCC0D}.Debug|Any CPU.Build.0 = Debug|Any CPU
		{B9F80467-D0CB-4A74-8885-352A6FFBCC0D}.Release|Any CPU.ActiveCfg = Release|Any CPU
		{B9F80467-D0CB-4A74-8885-352A6FFBCC0D}.Release|Any CPU.Build.0 = Release|Any CPU
		{D83AE034-228A-43EA-A7E3-E8E32230B22C}.Debug|Any CPU.ActiveCfg = Debug|Any CPU
		{D83AE034-228A-43EA-A7E3-E8E32230B22C}.Debug|Any CPU.Build.0 = Debug|Any CPU
		{D83AE034-228A-43EA-A7E3-E8E32230B22C}.Release|Any CPU.ActiveCfg = Release|Any CPU
		{D83AE034-228A-43EA-A7E3-E8E32230B22C}.Release|Any CPU.Build.0 = Release|Any CPU
		{55177368-5A81-46D9-A824-6A71A1AA48B8}.Debug|Any CPU.ActiveCfg = Debug|Any CPU
		{55177368-5A81-46D9-A824-6A71A1AA48B8}.Debug|Any CPU.Build.0 = Debug|Any CPU
		{55177368-5A81-46D9-A824-6A71A1AA48B8}.Release|Any CPU.ActiveCfg = Release|Any CPU
		{55177368-5A81-46D9-A824-6A71A1AA48B8}.Release|Any CPU.Build.0 = Release|Any CPU
		{04752989-8AB4-462B-B5EE-A75AB88856E1}.Debug|Any CPU.ActiveCfg = Debug|Any CPU
		{04752989-8AB4-462B-B5EE-A75AB88856E1}.Debug|Any CPU.Build.0 = Debug|Any CPU
		{04752989-8AB4-462B-B5EE-A75AB88856E1}.Release|Any CPU.ActiveCfg = Release|Any CPU
		{04752989-8AB4-462B-B5EE-A75AB88856E1}.Release|Any CPU.Build.0 = Release|Any CPU
		{896CDD56-FAD1-4C34-B4DA-050A45444C1D}.Debug|Any CPU.ActiveCfg = Debug|Any CPU
		{896CDD56-FAD1-4C34-B4DA-050A45444C1D}.Debug|Any CPU.Build.0 = Debug|Any CPU
		{896CDD56-FAD1-4C34-B4DA-050A45444C1D}.Release|Any CPU.ActiveCfg = Release|Any CPU
		{896CDD56-FAD1-4C34-B4DA-050A45444C1D}.Release|Any CPU.Build.0 = Release|Any CPU
		{BD881223-BDFD-4B84-9D88-FDDA0D7C8D56}.Debug|Any CPU.ActiveCfg = Debug|Any CPU
		{BD881223-BDFD-4B84-9D88-FDDA0D7C8D56}.Debug|Any CPU.Build.0 = Debug|Any CPU
		{BD881223-BDFD-4B84-9D88-FDDA0D7C8D56}.Release|Any CPU.ActiveCfg = Release|Any CPU
		{BD881223-BDFD-4B84-9D88-FDDA0D7C8D56}.Release|Any CPU.Build.0 = Release|Any CPU
	EndGlobalSection
	GlobalSection(SolutionProperties) = preSolution
		HideSolutionNode = FALSE
	EndGlobalSection
	GlobalSection(NestedProjects) = preSolution
		{EAED6F07-32CD-4CA0-A5AA-666368AF5116} = {70A5B6E3-55BE-4DD7-9DF3-AB085A2AAED0}
		{C870F66E-BDD8-46FE-AD31-51C8747F0587} = {70A5B6E3-55BE-4DD7-9DF3-AB085A2AAED0}
		{FA49C75B-156D-4E57-B8BE-4985B3C52E6E} = {E80B6944-D867-4222-AD0A-E265EE2AB70D}
		{2AE90A15-FB85-4B91-BCA4-8841431380F0} = {E80B6944-D867-4222-AD0A-E265EE2AB70D}
		{D3D072D4-CAEC-4691-8975-FAC87AE1789B} = {60FCC7FB-BFE3-444D-81AF-71173BC7D1CD}
		{4610BC66-0434-49C0-BDDE-0D715D792AEE} = {60FCC7FB-BFE3-444D-81AF-71173BC7D1CD}
		{756CB997-8CAB-4876-A795-B4359FD749E7} = {60FCC7FB-BFE3-444D-81AF-71173BC7D1CD}
		{AE25C70B-4D5A-4CC5-919E-656D07B980F6} = {60FCC7FB-BFE3-444D-81AF-71173BC7D1CD}
		{B9F80467-D0CB-4A74-8885-352A6FFBCC0D} = {0FCDEE9F-4661-4F9D-8C29-A7C32CDE6CC5}
		{D83AE034-228A-43EA-A7E3-E8E32230B22C} = {0FCDEE9F-4661-4F9D-8C29-A7C32CDE6CC5}
		{55177368-5A81-46D9-A824-6A71A1AA48B8} = {4C2A57F9-B887-486C-AC80-C9DFBE09DB39}
		{04752989-8AB4-462B-B5EE-A75AB88856E1} = {D7C6EED3-CD53-47EC-8C0F-FBFD6C871EC5}
		{896CDD56-FAD1-4C34-B4DA-050A45444C1D} = {D7C6EED3-CD53-47EC-8C0F-FBFD6C871EC5}
		{BD881223-BDFD-4B84-9D88-FDDA0D7C8D56} = {A8F8FD3C-2F2C-4DD6-9200-5A0526CD3135}
	EndGlobalSection
EndGlobal
